
Microsoft Visual Studio Solution File, Format Version 12.00
# Visual Studio Version 16
VisualStudioVersion = 16.0.30717.126
MinimumVisualStudioVersion = 10.0.40219.1
Project("{FAE04EC0-301F-11D3-BF4B-00C04F79EFBC}") = "week12", "week12\week12.csproj", "{8BBB90D7-DEF0-43AA-9608-2F5F2D74D88B}"
EndProject
Global
	GlobalSection(SolutionConfigurationPlatforms) = preSolution
		Debug|Any CPU = Debug|Any CPU
		Release|Any CPU = Release|Any CPU
	EndGlobalSection
	GlobalSection(ProjectConfigurationPlatforms) = postSolution
		{8BBB90D7-DEF0-43AA-9608-2F5F2D74D88B}.Debug|Any CPU.ActiveCfg = Debug|Any CPU
		{8BBB90D7-DEF0-43AA-9608-2F5F2D74D88B}.Debug|Any CPU.Build.0 = Debug|Any CPU
		{8BBB90D7-DEF0-43AA-9608-2F5F2D74D88B}.Release|Any CPU.ActiveCfg = Release|Any CPU
		{8BBB90D7-DEF0-43AA-9608-2F5F2D74D88B}.Release|Any CPU.Build.0 = Release|Any CPU
	EndGlobalSection
	GlobalSection(SolutionProperties) = preSolution
		HideSolutionNode = FALSE
	EndGlobalSection
	GlobalSection(ExtensibilityGlobals) = postSolution
		SolutionGuid = {E7C3381F-1BB2-4470-AC8A-3A0D52EF2D0E}
	EndGlobalSection
EndGlobal
